
Microsoft Visual Studio Solution File, Format Version 12.00
# Visual Studio Version 16
VisualStudioVersion = 16.0.31702.278
MinimumVisualStudioVersion = 10.0.40219.1
Project("{8BC9CEB8-8B4A-11D0-8D11-00A0C91BC942}") = "AnimalFarm1", "AnimalFarm1\AnimalFarm1.vcxproj", "{B165F8BE-3DC5-45B2-8916-F38C7522F437}"
EndProject
Global
	GlobalSection(SolutionConfigurationPlatforms) = preSolution
		Debug|x64 = Debug|x64
		Debug|x86 = Debug|x86
		Release|x64 = Release|x64
		Release|x86 = Release|x86
	EndGlobalSection
	GlobalSection(ProjectConfigurationPlatforms) = postSolution
		{B165F8BE-3DC5-45B2-8916-F38C7522F437}.Debug|x64.ActiveCfg = Debug|x64
		{B165F8BE-3DC5-45B2-8916-F38C7522F437}.Debug|x64.Build.0 = Debug|x64
		{B165F8BE-3DC5-45B2-8916-F38C7522F437}.Debug|x86.ActiveCfg = Debug|Win32
		{B165F8BE-3DC5-45B2-8916-F38C7522F437}.Debug|x86.Build.0 = Debug|Win32
		{B165F8BE-3DC5-45B2-8916-F38C7522F437}.Release|x64.ActiveCfg = Release|x64
		{B165F8BE-3DC5-45B2-8916-F38C7522F437}.Release|x64.Build.0 = Release|x64
		{B165F8BE-3DC5-45B2-8916-F38C7522F437}.Release|x86.ActiveCfg = Release|Win32
		{B165F8BE-3DC5-45B2-8916-F38C7522F437}.Release|x86.Build.0 = Release|Win32
	EndGlobalSection
	GlobalSection(SolutionProperties) = preSolution
		HideSolutionNode = FALSE
	EndGlobalSection
	GlobalSection(ExtensibilityGlobals) = postSolution
		SolutionGuid = {2864237A-09BE-42B6-BC1D-5B9BCB3936EB}
	EndGlobalSection
EndGlobal
